{
  "requires": true,
  "lockfileVersion": 1,
  "dependencies": {
    "stylelint-config-prettier": {
      "version": "8.0.1",
      "resolved": "https://registry.npmjs.org/stylelint-config-prettier/-/stylelint-config-prettier-8.0.1.tgz",
      "integrity": "sha512-RcjNW7MUaNVqONhJH4+rtlAE3ow/9SsAM0YWV0Lgu3dbTKdWTa/pQXRdFWgoHWpzUKn+9oBKR5x8JdH+20wmgw=="
    }
  }
}
